
Microsoft Visual Studio Solution File, Format Version 12.00
# Visual Studio 14
VisualStudioVersion = 14.0.25420.1
MinimumVisualStudioVersion = 10.0.40219.1
Project("{FAE04EC0-301F-11D3-BF4B-00C04F79EFBC}") = "API", "API\API.csproj", "{0C0D7217-5C94-4F0B-A37C-CD1C10F17AFA}"
EndProject
Project("{FAE04EC0-301F-11D3-BF4B-00C04F79EFBC}") = "BGGImport", "BGGImport\BGGImport.csproj", "{0EE58063-7CA8-4AE9-89C7-2B01A5413401}"
EndProject
Project("{FAE04EC0-301F-11D3-BF4B-00C04F79EFBC}") = "DAL", "DAL\DAL.csproj", "{F266EB80-AE6F-40F8-B7D4-2D2B9AB4769E}"
EndProject
Project("{FAE04EC0-301F-11D3-BF4B-00C04F79EFBC}") = "BL", "BL\BL.csproj", "{1726D5C1-34BA-4BEE-B01E-1EECB12B4670}"
EndProject
Global
	GlobalSection(SolutionConfigurationPlatforms) = preSolution
		Debug|Any CPU = Debug|Any CPU
		Release|Any CPU = Release|Any CPU
	EndGlobalSection
	GlobalSection(ProjectConfigurationPlatforms) = postSolution
		{0C0D7217-5C94-4F0B-A37C-CD1C10F17AFA}.Debug|Any CPU.ActiveCfg = Debug|x86
		{0C0D7217-5C94-4F0B-A37C-CD1C10F17AFA}.Debug|Any CPU.Build.0 = Debug|x86
		{0C0D7217-5C94-4F0B-A37C-CD1C10F17AFA}.Release|Any CPU.ActiveCfg = Release|Any CPU
		{0C0D7217-5C94-4F0B-A37C-CD1C10F17AFA}.Release|Any CPU.Build.0 = Release|Any CPU
		{0EE58063-7CA8-4AE9-89C7-2B01A5413401}.Debug|Any CPU.ActiveCfg = Debug|Any CPU
		{0EE58063-7CA8-4AE9-89C7-2B01A5413401}.Debug|Any CPU.Build.0 = Debug|Any CPU
		{0EE58063-7CA8-4AE9-89C7-2B01A5413401}.Release|Any CPU.ActiveCfg = Release|Any CPU
		{0EE58063-7CA8-4AE9-89C7-2B01A5413401}.Release|Any CPU.Build.0 = Release|Any CPU
		{F266EB80-AE6F-40F8-B7D4-2D2B9AB4769E}.Debug|Any CPU.ActiveCfg = Debug|Any CPU
		{F266EB80-AE6F-40F8-B7D4-2D2B9AB4769E}.Debug|Any CPU.Build.0 = Debug|Any CPU
		{F266EB80-AE6F-40F8-B7D4-2D2B9AB4769E}.Release|Any CPU.ActiveCfg = Release|Any CPU
		{F266EB80-AE6F-40F8-B7D4-2D2B9AB4769E}.Release|Any CPU.Build.0 = Release|Any CPU
		{1726D5C1-34BA-4BEE-B01E-1EECB12B4670}.Debug|Any CPU.ActiveCfg = Debug|Any CPU
		{1726D5C1-34BA-4BEE-B01E-1EECB12B4670}.Debug|Any CPU.Build.0 = Debug|Any CPU
		{1726D5C1-34BA-4BEE-B01E-1EECB12B4670}.Release|Any CPU.ActiveCfg = Release|Any CPU
		{1726D5C1-34BA-4BEE-B01E-1EECB12B4670}.Release|Any CPU.Build.0 = Release|Any CPU
	EndGlobalSection
	GlobalSection(SolutionProperties) = preSolution
		HideSolutionNode = FALSE
	EndGlobalSection
EndGlobal
